
Microsoft Visual Studio Solution File, Format Version 12.00
# Visual Studio 2015
Project("{FAE04EC0-301F-11D3-BF4B-00C04F79EFBC}") = "kortex_environment_unity.CSharp.Plugins", "kortex_environment_unity.CSharp.Plugins.csproj", "{9B0A210F-2581-19A0-F164-5885E8FC41CC}"
EndProject
Project("{FAE04EC0-301F-11D3-BF4B-00C04F79EFBC}") = "kortex_environment_unity.CSharp", "kortex_environment_unity.CSharp.csproj", "{7FAA7FDC-4511-B2D0-270F-155C37CDB2A1}"
EndProject
Project("{FAE04EC0-301F-11D3-BF4B-00C04F79EFBC}") = "kortex_environment_unity.CSharp.Editor", "kortex_environment_unity.CSharp.Editor.csproj", "{00297589-8C00-1722-5A78-34458CF09110}"
EndProject
Global
	GlobalSection(SolutionConfigurationPlatforms) = preSolution
		Debug|Any CPU = Debug|Any CPU
		Release|Any CPU = Release|Any CPU
	EndGlobalSection
	GlobalSection(ProjectConfigurationPlatforms) = postSolution
		{9B0A210F-2581-19A0-F164-5885E8FC41CC}.Debug|Any CPU.ActiveCfg = Debug|Any CPU
		{9B0A210F-2581-19A0-F164-5885E8FC41CC}.Debug|Any CPU.Build.0 = Debug|Any CPU
		{9B0A210F-2581-19A0-F164-5885E8FC41CC}.Release|Any CPU.ActiveCfg = Release|Any CPU
		{9B0A210F-2581-19A0-F164-5885E8FC41CC}.Release|Any CPU.Build.0 = Release|Any CPU
		{7FAA7FDC-4511-B2D0-270F-155C37CDB2A1}.Debug|Any CPU.ActiveCfg = Debug|Any CPU
		{7FAA7FDC-4511-B2D0-270F-155C37CDB2A1}.Debug|Any CPU.Build.0 = Debug|Any CPU
		{7FAA7FDC-4511-B2D0-270F-155C37CDB2A1}.Release|Any CPU.ActiveCfg = Release|Any CPU
		{7FAA7FDC-4511-B2D0-270F-155C37CDB2A1}.Release|Any CPU.Build.0 = Release|Any CPU
		{00297589-8C00-1722-5A78-34458CF09110}.Debug|Any CPU.ActiveCfg = Debug|Any CPU
		{00297589-8C00-1722-5A78-34458CF09110}.Debug|Any CPU.Build.0 = Debug|Any CPU
		{00297589-8C00-1722-5A78-34458CF09110}.Release|Any CPU.ActiveCfg = Release|Any CPU
		{00297589-8C00-1722-5A78-34458CF09110}.Release|Any CPU.Build.0 = Release|Any CPU
	EndGlobalSection
	GlobalSection(SolutionProperties) = preSolution
		HideSolutionNode = FALSE
	EndGlobalSection
EndGlobal
